{
  "name": "Petition-Project",
  "lockfileVersion": 2,
  "requires": true,
  "packages": {
    "": {
      "devDependencies": {
        "@types/googlepay": "^0.6.4"
      }
    },
    "node_modules/@types/googlepay": {
      "version": "0.6.4",
      "resolved": "https://registry.npmjs.org/@types/googlepay/-/googlepay-0.6.4.tgz",
      "integrity": "sha512-PTt/UCllzl8z5HmhymPpSj6uENZvVKZvCBYdDVmbBVJnLStitxtWrterAOQZkKGlqVdzxNXYeif5hOAMNMS5mw==",
      "dev": true
    }
  },
  "dependencies": {
    "@types/googlepay": {
      "version": "0.6.4",
      "resolved": "https://registry.npmjs.org/@types/googlepay/-/googlepay-0.6.4.tgz",
      "integrity": "sha512-PTt/UCllzl8z5HmhymPpSj6uENZvVKZvCBYdDVmbBVJnLStitxtWrterAOQZkKGlqVdzxNXYeif5hOAMNMS5mw==",
      "dev": true
    }
  }
}
